{
  "name": "chatpanel-gateway",
  "version": "0.1.0",
  "lockfileVersion": 3,
  "requires": true,
  "packages": {
    "": {
      "name": "chatpanel-gateway",
      "version": "0.1.0",
      "license": "SEE LICENSE IN LICENSE",
      "dependencies": {
        "chatpanel-pii": "file:../chatpanel-pii"
      },
      "bin": {
        "chatpanel-gateway": "bin/chatpanel-gateway.js"
      },
      "engines": {
        "node": ">=18"
      }
    },
    "../chatpanel-pii": {
      "version": "0.1.0",
      "license": "SEE LICENSE IN LICENSE",
      "engines": {
        "node": ">=18"
      }
    },
    "node_modules/chatpanel-pii": {
      "resolved": "../chatpanel-pii",
      "link": true
    }
  }
}
